
Microsoft Visual Studio Solution File, Format Version 12.00
# Visual Studio Version 17
VisualStudioVersion = 17.6.33815.320
MinimumVisualStudioVersion = 10.0.40219.1
Project("{9A19103F-16F7-4668-BE54-9A1E7A4F7556}") = "blogpessoal", "blogpessoal.csproj", "{5ABDE458-DEE6-4CD4-81FA-B765FB24BD00}"
EndProject
Project("{FAE04EC0-301F-11D3-BF4B-00C04F79EFBC}") = "blogpessoaltest", "..\blogpessoaltest\blogpessoaltest.csproj", "{CBB6F965-E88E-4CEB-9BE8-230CA9EAC2CA}"
EndProject
Global
	GlobalSection(SolutionConfigurationPlatforms) = preSolution
		Debug|Any CPU = Debug|Any CPU
		Release|Any CPU = Release|Any CPU
	EndGlobalSection
	GlobalSection(ProjectConfigurationPlatforms) = postSolution
		{5ABDE458-DEE6-4CD4-81FA-B765FB24BD00}.Debug|Any CPU.ActiveCfg = Debug|Any CPU
		{5ABDE458-DEE6-4CD4-81FA-B765FB24BD00}.Debug|Any CPU.Build.0 = Debug|Any CPU
		{5ABDE458-DEE6-4CD4-81FA-B765FB24BD00}.Release|Any CPU.ActiveCfg = Release|Any CPU
		{5ABDE458-DEE6-4CD4-81FA-B765FB24BD00}.Release|Any CPU.Build.0 = Release|Any CPU
		{CBB6F965-E88E-4CEB-9BE8-230CA9EAC2CA}.Debug|Any CPU.ActiveCfg = Debug|Any CPU
		{CBB6F965-E88E-4CEB-9BE8-230CA9EAC2CA}.Debug|Any CPU.Build.0 = Debug|Any CPU
		{CBB6F965-E88E-4CEB-9BE8-230CA9EAC2CA}.Release|Any CPU.ActiveCfg = Release|Any CPU
		{CBB6F965-E88E-4CEB-9BE8-230CA9EAC2CA}.Release|Any CPU.Build.0 = Release|Any CPU
	EndGlobalSection
	GlobalSection(SolutionProperties) = preSolution
		HideSolutionNode = FALSE
	EndGlobalSection
	GlobalSection(ExtensibilityGlobals) = postSolution
		SolutionGuid = {20E33DB0-1109-45FD-8B5A-0DAF0F0EA8B9}
	EndGlobalSection
EndGlobal
